
Microsoft Visual Studio Solution File, Format Version 12.00
# Visual Studio Version 17
VisualStudioVersion = 17.8.34601.278
MinimumVisualStudioVersion = 10.0.40219.1
Project("{8BC9CEB8-8B4A-11D0-8D11-00A0C91BC942}") = "DictionaryTest", "DictionaryTest.vcxproj", "{F6A16F3F-1A2D-4BC7-ADF1-03B304DB8DB0}"
	ProjectSection(ProjectDependencies) = postProject
		{5C44ABD5-66B8-492A-A4B0-83BD7350E42A} = {5C44ABD5-66B8-492A-A4B0-83BD7350E42A}
	EndProjectSection
EndProject
Project("{8BC9CEB8-8B4A-11D0-8D11-00A0C91BC942}") = "FileDlg_Qt", "..\..\adecc_FileDlg\Src\Visual Studio\Qt6\FileDlg_Qt\FileDlg_Qt.vcxproj", "{5C44ABD5-66B8-492A-A4B0-83BD7350E42A}"
EndProject
Global
	GlobalSection(SolutionConfigurationPlatforms) = preSolution
		Debug|x64 = Debug|x64
		Release|x64 = Release|x64
	EndGlobalSection
	GlobalSection(ProjectConfigurationPlatforms) = postSolution
		{F6A16F3F-1A2D-4BC7-ADF1-03B304DB8DB0}.Debug|x64.ActiveCfg = Debug|x64
		{F6A16F3F-1A2D-4BC7-ADF1-03B304DB8DB0}.Debug|x64.Build.0 = Debug|x64
		{F6A16F3F-1A2D-4BC7-ADF1-03B304DB8DB0}.Release|x64.ActiveCfg = Release|x64
		{F6A16F3F-1A2D-4BC7-ADF1-03B304DB8DB0}.Release|x64.Build.0 = Release|x64
		{5C44ABD5-66B8-492A-A4B0-83BD7350E42A}.Debug|x64.ActiveCfg = Debug|x64
		{5C44ABD5-66B8-492A-A4B0-83BD7350E42A}.Debug|x64.Build.0 = Debug|x64
		{5C44ABD5-66B8-492A-A4B0-83BD7350E42A}.Release|x64.ActiveCfg = Release|x64
		{5C44ABD5-66B8-492A-A4B0-83BD7350E42A}.Release|x64.Build.0 = Release|x64
	EndGlobalSection
	GlobalSection(SolutionProperties) = preSolution
		HideSolutionNode = FALSE
	EndGlobalSection
	GlobalSection(ExtensibilityGlobals) = postSolution
		SolutionGuid = {DA7081AF-E011-4FCA-BEF4-0AF454D6091C}
	EndGlobalSection
EndGlobal
